{
  "name": "smc-mongoose-query-builder-helper",
  "version": "1.0.5",
  "lockfileVersion": 1,
  "requires": true,
  "dependencies": {
    "@types/bson": {
      "version": "4.0.2",
      "resolved": "https://registry.npmjs.org/@types/bson/-/bson-4.0.2.tgz",
      "integrity": "sha512-+uWmsejEHfmSjyyM/LkrP0orfE2m5Mx9Xel4tXNeqi1ldK5XMQcDsFkBmLDtuyKUbxj2jGDo0H240fbCRJZo7Q==",
      "requires": {
        "@types/node": "*"
      }
    },
    "@types/mongodb": {
      "version": "3.5.25",
      "resolved": "https://registry.npmjs.org/@types/mongodb/-/mongodb-3.5.25.tgz",
      "integrity": "sha512-2H/Owt+pHCl9YmBOYnXc3VdnxejJEjVdH+QCWL5ZAfPehEn3evygKBX3/vKRv7aTwfNbUd0E5vjJdQklH/9a6w==",
      "requires": {
        "@types/bson": "*",
        "@types/node": "*"
      }
    },
    "@types/mongoose": {
      "version": "5.7.36",
      "resolved": "https://registry.npmjs.org/@types/mongoose/-/mongoose-5.7.36.tgz",
      "integrity": "sha512-ggFXgvkHgCNlT35B9d/heDYfSqOSwTmQjkRoR32sObGV5Xjd0N0WWuYlLzqeCg94j4hYN/OZxZ1VNNLltX/IVQ==",
      "requires": {
        "@types/mongodb": "*",
        "@types/node": "*"
      }
    },
    "@types/node": {
      "version": "14.0.27",
      "resolved": "https://registry.npmjs.org/@types/node/-/node-14.0.27.tgz",
      "integrity": "sha512-kVrqXhbclHNHGu9ztnAwSncIgJv/FaxmzXJvGXNdcCpV1b8u1/Mi6z6m0vwy0LzKeXFTPLH0NzwmoJ3fNCIq0g=="
    }
  }
}
